
Microsoft Visual Studio Solution File, Format Version 12.00
# Visual Studio Version 17
VisualStudioVersion = 17.8.34004.107
MinimumVisualStudioVersion = 10.0.40219.1
Project("{9A19103F-16F7-4668-BE54-9A1E7A4F7556}") = "DataAccessLayer", "DataAccessLayer\DataAccessLayer.csproj", "{DBEC7F29-E8F6-469B-B043-38F02AA6F0A5}"
EndProject
Project("{9A19103F-16F7-4668-BE54-9A1E7A4F7556}") = "Minimal-API", "Minimal-API\Minimal-API.csproj", "{3356CE95-1AA7-479A-8512-3D9A69F42EAA}"
EndProject
Project("{9A19103F-16F7-4668-BE54-9A1E7A4F7556}") = "EFCoreVsDapper", "EFCoreVsDapper\EFCoreVsDapper.csproj", "{0510E8C0-5A1A-4372-B286-F6653F146601}"
EndProject
Global
	GlobalSection(SolutionConfigurationPlatforms) = preSolution
		Debug|Any CPU = Debug|Any CPU
		Release|Any CPU = Release|Any CPU
	EndGlobalSection
	GlobalSection(ProjectConfigurationPlatforms) = postSolution
		{DBEC7F29-E8F6-469B-B043-38F02AA6F0A5}.Debug|Any CPU.ActiveCfg = Debug|Any CPU
		{DBEC7F29-E8F6-469B-B043-38F02AA6F0A5}.Debug|Any CPU.Build.0 = Debug|Any CPU
		{DBEC7F29-E8F6-469B-B043-38F02AA6F0A5}.Release|Any CPU.ActiveCfg = Release|Any CPU
		{DBEC7F29-E8F6-469B-B043-38F02AA6F0A5}.Release|Any CPU.Build.0 = Release|Any CPU
		{3356CE95-1AA7-479A-8512-3D9A69F42EAA}.Debug|Any CPU.ActiveCfg = Debug|Any CPU
		{3356CE95-1AA7-479A-8512-3D9A69F42EAA}.Debug|Any CPU.Build.0 = Debug|Any CPU
		{3356CE95-1AA7-479A-8512-3D9A69F42EAA}.Release|Any CPU.ActiveCfg = Release|Any CPU
		{3356CE95-1AA7-479A-8512-3D9A69F42EAA}.Release|Any CPU.Build.0 = Release|Any CPU
		{0510E8C0-5A1A-4372-B286-F6653F146601}.Debug|Any CPU.ActiveCfg = Debug|Any CPU
		{0510E8C0-5A1A-4372-B286-F6653F146601}.Debug|Any CPU.Build.0 = Debug|Any CPU
		{0510E8C0-5A1A-4372-B286-F6653F146601}.Release|Any CPU.ActiveCfg = Release|Any CPU
		{0510E8C0-5A1A-4372-B286-F6653F146601}.Release|Any CPU.Build.0 = Release|Any CPU
	EndGlobalSection
	GlobalSection(SolutionProperties) = preSolution
		HideSolutionNode = FALSE
	EndGlobalSection
	GlobalSection(ExtensibilityGlobals) = postSolution
		SolutionGuid = {901CED64-1228-48DB-B82C-8F737AF972C7}
	EndGlobalSection
EndGlobal
